// !$*UTF8*$!
{
	archiveVersion = 1;
	classes = {
	};
	objectVersion = 46;
	objects = {

/* Begin PBXBuildFile section */
		1036E4601D5829ED00DDC947 /* main.m in Sources */ = {isa = PBXBuildFile; fileRef = 1036E45F1D5829ED00DDC947 /* main.m */; };
		1036E4631D5829ED00DDC947 /* AppDelegate.m in Sources */ = {isa = PBXBuildFile; fileRef = 1036E4621D5829ED00DDC947 /* AppDelegate.m */; };
		1036E4661D5829ED00DDC947 /* ViewController.m in Sources */ = {isa = PBXBuildFile; fileRef = 1036E4651D5829ED00DDC947 /* ViewController.m */; };
		1036E4691D5829ED00DDC947 /* Main.storyboard in Resources */ = {isa = PBXBuildFile; fileRef = 1036E4671D5829ED00DDC947 /* Main.storyboard */; };
		1036E46B1D5829ED00DDC947 /* Assets.xcassets in Resources */ = {isa = PBXBuildFile; fileRef = 1036E46A1D5829ED00DDC947 /* Assets.xcassets */; };
		1036E46E1D5829ED00DDC947 /* LaunchScreen.storyboard in Resources */ = {isa = PBXBuildFile; fileRef = 1036E46C1D5829ED00DDC947 /* LaunchScreen.storyboard */; };
		1036E4791D5829EE00DDC947 /* SIAlertViewTests.m in Sources */ = {isa = PBXBuildFile; fileRef = 1036E4781D5829EE00DDC947 /* SIAlertViewTests.m */; };
		1036E4841D5829EE00DDC947 /* SIAlertViewUITests.m in Sources */ = {isa = PBXBuildFile; fileRef = 1036E4831D5829EE00DDC947 /* SIAlertViewUITests.m */; };
		1036E4931D582A1E00DDC947 /* SIAlertView.m in Sources */ = {isa = PBXBuildFile; fileRef = 1036E4921D582A1E00DDC947 /* SIAlertView.m */; };
/* End PBXBuildFile section */

/* Begin PBXContainerItemProxy section */
		1036E4751D5829EE00DDC947 /* PBXContainerItemProxy */ = {
			isa = PBXContainerItemProxy;
			containerPortal = 1036E4531D5829ED00DDC947 /* Project object */;
			proxyType = 1;
			remoteGlobalIDString = 1036E45A1D5829ED00DDC947;
			remoteInfo = SIAlertView;
		};
		1036E4801D5829EE00DDC947 /* PBXContainerItemProxy */ = {
			isa = PBXContainerItemProxy;
			containerPortal = 1036E4531D5829ED00DDC947 /* Project object */;
			proxyType = 1;
			remoteGlobalIDString = 1036E45A1D5829ED00DDC947;
			remoteInfo = SIAlertView;
		};
/* End PBXContainerItemProxy section */

/* Begin PBXFileReference section */
		1036E45B1D5829ED00DDC947 /* SIAlertView.app */ = {isa = PBXFileReference; explicitFileType = wrapper.application; includeInIndex = 0; path = SIAlertView.app; sourceTree = BUILT_PRODUCTS_DIR; };
		1036E45F1D5829ED00DDC947 /* main.m */ = {isa = PBXFileReference; lastKnownFileType = sourcecode.c.objc; path = main.m; sourceTree = "<group>"; };
		1036E4611D5829ED00DDC947 /* AppDelegate.h */ = {isa = PBXFileReference; lastKnownFileType = sourcecode.c.h; path = AppDelegate.h; sourceTree = "<group>"; };
		1036E4621D5829ED00DDC947 /* AppDelegate.m */ = {isa = PBXFileReference; lastKnownFileType = sourcecode.c.objc; path = AppDelegate.m; sourceTree = "<group>"; };
		1036E4641D5829ED00DDC947 /* ViewController.h */ = {isa = PBXFileReference; lastKnownFileType = sourcecode.c.h; path = ViewController.h; sourceTree = "<group>"; };
		1036E4651D5829ED00DDC947 /* ViewController.m */ = {isa = PBXFileReference; lastKnownFileType = sourcecode.c.objc; path = ViewController.m; sourceTree = "<group>"; };
		1036E4681D5829ED00DDC947 /* Base */ = {isa = PBXFileReference; lastKnownFileType = file.storyboard; name = Base; path = Base.lproj/Main.storyboard; sourceTree = "<group>"; };
		1036E46A1D5829ED00DDC947 /* Assets.xcassets */ = {isa = PBXFileReference; lastKnownFileType = folder.assetcatalog; path = Assets.xcassets; sourceTree = "<group>"; };
		1036E46D1D5829ED00DDC947 /* Base */ = {isa = PBXFileReference; lastKnownFileType = file.storyboard; name = Base; path = Base.lproj/LaunchScreen.storyboard; sourceTree = "<group>"; };
		1036E46F1D5829ED00DDC947 /* Info.plist */ = {isa = PBXFileReference; lastKnownFileType = text.plist.xml; path = Info.plist; sourceTree = "<group>"; };
		1036E4741D5829EE00DDC947 /* SIAlertViewTests.xctest */ = {isa = PBXFileReference; explicitFileType = wrapper.cfbundle; includeInIndex = 0; path = SIAlertViewTests.xctest; sourceTree = BUILT_PRODUCTS_DIR; };
		1036E4781D5829EE00DDC947 /* SIAlertViewTests.m */ = {isa = PBXFileReference; lastKnownFileType = sourcecode.c.objc; path = SIAlertViewTests.m; sourceTree = "<group>"; };
		1036E47A1D5829EE00DDC947 /* Info.plist */ = {isa = PBXFileReference; lastKnownFileType = text.plist.xml; path = Info.plist; sourceTree = "<group>"; };
		1036E47F1D5829EE00DDC947 /* SIAlertViewUITests.xctest */ = {isa = PBXFileReference; explicitFileType = wrapper.cfbundle; includeInIndex = 0; path = SIAlertViewUITests.xctest; sourceTree = BUILT_PRODUCTS_DIR; };
		1036E4831D5829EE00DDC947 /* SIAlertViewUITests.m */ = {isa = PBXFileReference; lastKnownFileType = sourcecode.c.objc; path = SIAlertViewUITests.m; sourceTree = "<group>"; };
		1036E4851D5829EE00DDC947 /* Info.plist */ = {isa = PBXFileReference; lastKnownFileType = text.plist.xml; path = Info.plist; sourceTree = "<group>"; };
		1036E4911D582A1E00DDC947 /* SIAlertView.h */ = {isa = PBXFileReference; fileEncoding = 4; lastKnownFileType = sourcecode.c.h; path = SIAlertView.h; sourceTree = "<group>"; };
		1036E4921D582A1E00DDC947 /* SIAlertView.m */ = {isa = PBXFileReference; fileEncoding = 4; lastKnownFileType = sourcecode.c.objc; path = SIAlertView.m; sourceTree = "<group>"; };
/* End PBXFileReference section */

/* Begin PBXFrameworksBuildPhase section */
		1036E4581D5829ED00DDC947 /* Frameworks */ = {
			isa = PBXFrameworksBuildPhase;
			buildActionMask = 2147483647;
			files = (
			);
			runOnlyForDeploymentPostprocessing = 0;
		};
		1036E4711D5829EE00DDC947 /* Frameworks */ = {
			isa = PBXFrameworksBuildPhase;
			buildActionMask = 2147483647;
			files = (
			);
			runOnlyForDeploymentPostprocessing = 0;
		};
		1036E47C1D5829EE00DDC947 /* Frameworks */ = {
			isa = PBXFrameworksBuildPhase;
			buildActionMask = 2147483647;
			files = (
			);
			runOnlyForDeploymentPostprocessing = 0;
		};
/* End PBXFrameworksBuildPhase section */

/* Begin PBXGroup section */
		1036E4521D5829ED00DDC947 = {
			isa = PBXGroup;
			children = (
				1036E45D1D5829ED00DDC947 /* SIAlertView */,
				1036E4771D5829EE00DDC947 /* SIAlertViewTests */,
				1036E4821D5829EE00DDC947 /* SIAlertViewUITests */,
				1036E45C1D5829ED00DDC947 /* Products */,
			);
			sourceTree = "<group>";
		};
		1036E45C1D5829ED00DDC947 /* Products */ = {
			isa = PBXGroup;
			children = (
				1036E45B1D5829ED00DDC947 /* SIAlertView.app */,
				1036E4741D5829EE00DDC947 /* SIAlertViewTests.xctest */,
				1036E47F1D5829EE00DDC947 /* SIAlertViewUITests.xctest */,
			);
			name = Products;
			sourceTree = "<group>";
		};
		1036E45D1D5829ED00DDC947 /* SIAlertView */ = {
			isa = PBXGroup;
			children = (
				1036E4611D5829ED00DDC947 /* AppDelegate.h */,
				1036E4621D5829ED00DDC947 /* AppDelegate.m */,
				1036E4911D582A1E00DDC947 /* SIAlertView.h */,
				1036E4921D582A1E00DDC947 /* SIAlertView.m */,
				1036E4641D5829ED00DDC947 /* ViewController.h */,
				1036E4651D5829ED00DDC947 /* ViewController.m */,
				1036E4671D5829ED00DDC947 /* Main.storyboard */,
				1036E46A1D5829ED00DDC947 /* Assets.xcassets */,
				1036E46C1D5829ED00DDC947 /* LaunchScreen.storyboard */,
				1036E46F1D5829ED00DDC947 /* Info.plist */,
				1036E45E1D5829ED00DDC947 /* Supporting Files */,
			);
			path = SIAlertView;
			sourceTree = "<group>";
		};
		1036E45E1D5829ED00DDC947 /* Supporting Files */ = {
			isa = PBXGroup;
			children = (
				1036E45F1D5829ED00DDC947 /* main.m */,
			);
			name = "Supporting Files";
			sourceTree = "<group>";
		};
		1036E4771D5829EE00DDC947 /* SIAlertViewTests */ = {
			isa = PBXGroup;
			children = (
				1036E4781D5829EE00DDC947 /* SIAlertViewTests.m */,
				1036E47A1D5829EE00DDC947 /* Info.plist */,
			);
			path = SIAlertViewTests;
			sourceTree = "<group>";
		};
		1036E4821D5829EE00DDC947 /* SIAlertViewUITests */ = {
			isa = PBXGroup;
			children = (
				1036E4831D5829EE00DDC947 /* SIAlertViewUITests.m */,
				1036E4851D5829EE00DDC947 /* Info.plist */,
			);
			path = SIAlertViewUITests;
			sourceTree = "<group>";
		};
/* End PBXGroup section */

/* Begin PBXNativeTarget section */
		1036E45A1D5829ED00DDC947 /* SIAlertView */ = {
			isa = PBXNativeTarget;
			buildConfigurationList = 1036E4881D5829EE00DDC947 /* Build configuration list for PBXNativeTarget "SIAlertView" */;
			buildPhases = (
				1036E4571D5829ED00DDC947 /* Sources */,
				1036E4581D5829ED00DDC947 /* Frameworks */,
				1036E4591D5829ED00DDC947 /* Resources */,
			);
			buildRules = (
			);
			dependencies = (
			);
			name = SIAlertView;
			productName = SIAlertView;
			productReference = 1036E45B1D5829ED00DDC947 /* SIAlertView.app */;
			productType = "com.apple.product-type.application";
		};
		1036E4731D5829EE00DDC947 /* SIAlertViewTests */ = {
			isa = PBXNativeTarget;
			buildConfigurationList = 1036E48B1D5829EE00DDC947 /* Build configuration list for PBXNativeTarget "SIAlertViewTests" */;
			buildPhases = (
				1036E4701D5829EE00DDC947 /* Sources */,
				1036E4711D5829EE00DDC947 /* Frameworks */,
				1036E4721D5829EE00DDC947 /* Resources */,
			);
			buildRules = (
			);
			dependencies = (
				1036E4761D5829EE00DDC947 /* PBXTargetDependency */,
			);
			name = SIAlertViewTests;
			productName = SIAlertViewTests;
			productReference = 1036E4741D5829EE00DDC947 /* SIAlertViewTests.xctest */;
			productType = "com.apple.product-type.bundle.unit-test";
		};
		1036E47E1D5829EE00DDC947 /* SIAlertViewUITests */ = {
			isa = PBXNativeTarget;
			buildConfigurationList = 1036E48E1D5829EE00DDC947 /* Build configuration list for PBXNativeTarget "SIAlertViewUITests" */;
			buildPhases = (
				1036E47B1D5829EE00DDC947 /* Sources */,
				1036E47C1D5829EE00DDC947 /* Frameworks */,
				1036E47D1D5829EE00DDC947 /* Resources */,
			);
			buildRules = (
			);
			dependencies = (
				1036E4811D5829EE00DDC947 /* PBXTargetDependency */,
			);
			name = SIAlertViewUITests;
			productName = SIAlertViewUITests;
			productReference = 1036E47F1D5829EE00DDC947 /* SIAlertViewUITests.xctest */;
			productType = "com.apple.product-type.bundle.ui-testing";
		};
/* End PBXNativeTarget section */

/* Begin PBXProject section */
		1036E4531D5829ED00DDC947 /* Project object */ = {
			isa = PBXProject;
			attributes = {
				LastUpgradeCheck = 0730;
				ORGANIZATIONNAME = cofortune;
				TargetAttributes = {
					1036E45A1D5829ED00DDC947 = {
						CreatedOnToolsVersion = 7.3.1;
					};
					1036E4731D5829EE00DDC947 = {
						CreatedOnToolsVersion = 7.3.1;
						TestTargetID = 1036E45A1D5829ED00DDC947;
					};
					1036E47E1D5829EE00DDC947 = {
						CreatedOnToolsVersion = 7.3.1;
						TestTargetID = 1036E45A1D5829ED00DDC947;
					};
				};
			};
			buildConfigurationList = 1036E4561D5829ED00DDC947 /* Build configuration list for PBXProject "SIAlertView" */;
			compatibilityVersion = "Xcode 3.2";
			developmentRegion = English;
			hasScannedForEncodings = 0;
			knownRegions = (
				en,
				Base,
			);
			mainGroup = 1036E4521D5829ED00DDC947;
			productRefGroup = 1036E45C1D5829ED00DDC947 /* Products */;
			projectDirPath = "";
			projectRoot = "";
			targets = (
				1036E45A1D5829ED00DDC947 /* SIAlertView */,
				1036E4731D5829EE00DDC947 /* SIAlertViewTests */,
				1036E47E1D5829EE00DDC947 /* SIAlertViewUITests */,
			);
		};
/* End PBXProject section */

/* Begin PBXResourcesBuildPhase section */
		1036E4591D5829ED00DDC947 /* Resources */ = {
			isa = PBXResourcesBuildPhase;
			buildActionMask = 2147483647;
			files = (
				1036E46E1D5829ED00DDC947 /* LaunchScreen.storyboard in Resources */,
				1036E46B1D5829ED00DDC947 /* Assets.xcassets in Resources */,
				1036E4691D5829ED00DDC947 /* Main.storyboard in Resources */,
			);
			runOnlyForDeploymentPostprocessing = 0;
		};
		1036E4721D5829EE00DDC947 /* Resources */ = {
			isa = PBXResourcesBuildPhase;
			buildActionMask = 2147483647;
			files = (
			);
			runOnlyForDeploymentPostprocessing = 0;
		};
		1036E47D1D5829EE00DDC947 /* Resources */ = {
			isa = PBXResourcesBuildPhase;
			buildActionMask = 2147483647;
			files = (
			);
			runOnlyForDeploymentPostprocessing = 0;
		};
/* End PBXResourcesBuildPhase section */

/* Begin PBXSourcesBuildPhase section */
		1036E4571D5829ED00DDC947 /* Sources */ = {
			isa = PBXSourcesBuildPhase;
			buildActionMask = 2147483647;
			files = (
				1036E4661D5829ED00DDC947 /* ViewController.m in Sources */,
				1036E4631D5829ED00DDC947 /* AppDelegate.m in Sources */,
				1036E4601D5829ED00DDC947 /* main.m in Sources */,
				1036E4931D582A1E00DDC947 /* SIAlertView.m in Sources */,
			);
			runOnlyForDeploymentPostprocessing = 0;
		};
		1036E4701D5829EE00DDC947 /* Sources */ = {
			isa = PBXSourcesBuildPhase;
			buildActionMask = 2147483647;
			files = (
				1036E4791D5829EE00DDC947 /* SIAlertViewTests.m in Sources */,
			);
			runOnlyForDeploymentPostprocessing = 0;
		};
		1036E47B1D5829EE00DDC947 /* Sources */ = {
			isa = PBXSourcesBuildPhase;
			buildActionMask = 2147483647;
			files = (
				1036E4841D5829EE00DDC947 /* SIAlertViewUITests.m in Sources */,
			);
			runOnlyForDeploymentPostprocessing = 0;
		};
/* End PBXSourcesBuildPhase section */

/* Begin PBXTargetDependency section */
		1036E4761D5829EE00DDC947 /* PBXTargetDependency */ = {
			isa = PBXTargetDependency;
			target = 1036E45A1D5829ED00DDC947 /* SIAlertView */;
			targetProxy = 1036E4751D5829EE00DDC947 /* PBXContainerItemProxy */;
		};
		1036E4811D5829EE00DDC947 /* PBXTargetDependency */ = {
			isa = PBXTargetDependency;
			target = 1036E45A1D5829ED00DDC947 /* SIAlertView */;
			targetProxy = 1036E4801D5829EE00DDC947 /* PBXContainerItemProxy */;
		};
/* End PBXTargetDependency section */

/* Begin PBXVariantGroup section */
		1036E4671D5829ED00DDC947 /* Main.storyboard */ = {
			isa = PBXVariantGroup;
			children = (
				1036E4681D5829ED00DDC947 /* Base */,
			);
			name = Main.storyboard;
			sourceTree = "<group>";
		};
		1036E46C1D5829ED00DDC947 /* LaunchScreen.storyboard */ = {
			isa = PBXVariantGroup;
			children = (
				1036E46D1D5829ED00DDC947 /* Base */,
			);
			name = LaunchScreen.storyboard;
			sourceTree = "<group>";
		};
/* End PBXVariantGroup section */

/* Begin XCBuildConfiguration section */
		1036E4861D5829EE00DDC947 /* Debug */ = {
			isa = XCBuildConfiguration;
			buildSettings = {
				ALWAYS_SEARCH_USER_PATHS = NO;
				CLANG_ANALYZER_NONNULL = YES;
				CLANG_CXX_LANGUAGE_STANDARD = "gnu++0x";
				CLANG_CXX_LIBRARY = "libc++";
				CLANG_ENABLE_MODULES = YES;
				CLANG_ENABLE_OBJC_ARC = YES;
				CLANG_WARN_BOOL_CONVERSION = YES;
				CLANG_WARN_CONSTANT_CONVERSION = YES;
				CLANG_WARN_DIRECT_OBJC_ISA_USAGE = YES_ERROR;
				CLANG_WARN_EMPTY_BODY = YES;
				CLANG_WARN_ENUM_CONVERSION = YES;
				CLANG_WARN_INT_CONVERSION = YES;
				CLANG_WARN_OBJC_ROOT_CLASS = YES_ERROR;
				CLANG_WARN_UNREACHABLE_CODE = YES;
				CLANG_WARN__DUPLICATE_METHOD_MATCH = YES;
				"CODE_SIGN_IDENTITY[sdk=iphoneos*]" = "iPhone Developer";
				COPY_PHASE_STRIP = NO;
				DEBUG_INFORMATION_FORMAT = dwarf;
				ENABLE_STRICT_OBJC_MSGSEND = YES;
				ENABLE_TESTABILITY = YES;
				GCC_C_LANGUAGE_STANDARD = gnu99;
				GCC_DYNAMIC_NO_PIC = NO;
				GCC_NO_COMMON_BLOCKS = YES;
				GCC_OPTIMIZATION_LEVEL = 0;
				GCC_PREPROCESSOR_DEFINITIONS = (
					"DEBUG=1",
					"$(inherited)",
				);
				GCC_WARN_64_TO_32_BIT_CONVERSION = YES;
				GCC_WARN_ABOUT_RETURN_TYPE = YES_ERROR;
				GCC_WARN_UNDECLARED_SELECTOR = YES;
				GCC_WARN_UNINITIALIZED_AUTOS = YES_AGGRESSIVE;
				GCC_WARN_UNUSED_FUNCTION = YES;
				GCC_WARN_UNUSED_VARIABLE = YES;
				IPHONEOS_DEPLOYMENT_TARGET = 9.3;
				MTL_ENABLE_DEBUG_INFO = YES;
				ONLY_ACTIVE_ARCH = YES;
				SDKROOT = iphoneos;
			};
			name = Debug;
		};
		1036E4871D5829EE00DDC947 /* Release */ = {
			isa = XCBuildConfiguration;
			buildSettings = {
				ALWAYS_SEARCH_USER_PATHS = NO;
				CLANG_ANALYZER_NONNULL = YES;
				CLANG_CXX_LANGUAGE_STANDARD = "gnu++0x";
				CLANG_CXX_LIBRARY = "libc++";
				CLANG_ENABLE_MODULES = YES;
				CLANG_ENABLE_OBJC_ARC = YES;
				CLANG_WARN_BOOL_CONVERSION = YES;
				CLANG_WARN_CONSTANT_CONVERSION = YES;
				CLANG_WARN_DIRECT_OBJC_ISA_USAGE = YES_ERROR;
				CLANG_WARN_EMPTY_BODY = YES;
				CLANG_WARN_ENUM_CONVERSION = YES;
				CLANG_WARN_INT_CONVERSION = YES;
				CLANG_WARN_OBJC_ROOT_CLASS = YES_ERROR;
				CLANG_WARN_UNREACHABLE_CODE = YES;
				CLANG_WARN__DUPLICATE_METHOD_MATCH = YES;
				"CODE_SIGN_IDENTITY[sdk=iphoneos*]" = "iPhone Developer";
				COPY_PHASE_STRIP = NO;
				DEBUG_INFORMATION_FORMAT = "dwarf-with-dsym";
				ENABLE_NS_ASSERTIONS = NO;
				ENABLE_STRICT_OBJC_MSGSEND = YES;
				GCC_C_LANGUAGE_STANDARD = gnu99;
				GCC_NO_COMMON_BLOCKS = YES;
				GCC_WARN_64_TO_32_BIT_CONVERSION = YES;
				GCC_WARN_ABOUT_RETURN_TYPE = YES_ERROR;
				GCC_WARN_UNDECLARED_SELECTOR = YES;
				GCC_WARN_UNINITIALIZED_AUTOS = YES_AGGRESSIVE;
				GCC_WARN_UNUSED_FUNCTION = YES;
				GCC_WARN_UNUSED_VARIABLE = YES;
				IPHONEOS_DEPLOYMENT_TARGET = 9.3;
				MTL_ENABLE_DEBUG_INFO = NO;
				SDKROOT = iphoneos;
				VALIDATE_PRODUCT = YES;
			};
			name = Release;
		};
		1036E4891D5829EE00DDC947 /* Debug */ = {
			isa = XCBuildConfiguration;
			buildSettings = {
				ASSETCATALOG_COMPILER_APPICON_NAME = AppIcon;
				INFOPLIST_FILE = SIAlertView/Info.plist;
				LD_RUNPATH_SEARCH_PATHS = "$(inherited) @executable_path/Frameworks";
				PRODUCT_BUNDLE_IDENTIFIER = com.cofortune.www.SIAlertView;
				PRODUCT_NAME = "$(TARGET_NAME)";
			};
			name = Debug;
		};
		1036E48A1D5829EE00DDC947 /* Release */ = {
			isa = XCBuildConfiguration;
			buildSettings = {
				ASSETCATALOG_COMPILER_APPICON_NAME = AppIcon;
				INFOPLIST_FILE = SIAlertView/Info.plist;
				LD_RUNPATH_SEARCH_PATHS = "$(inherited) @executable_path/Frameworks";
				PRODUCT_BUNDLE_IDENTIFIER = com.cofortune.www.SIAlertView;
				PRODUCT_NAME = "$(TARGET_NAME)";
			};
			name = Release;
		};
		1036E48C1D5829EE00DDC947 /* Debug */ = {
			isa = XCBuildConfiguration;
			buildSettings = {
				BUNDLE_LOADER = "$(TEST_HOST)";
				INFOPLIST_FILE = SIAlertViewTests/Info.plist;
				LD_RUNPATH_SEARCH_PATHS = "$(inherited) @executable_path/Frameworks @loader_path/Frameworks";
				PRODUCT_BUNDLE_IDENTIFIER = com.cofortune.www.SIAlertViewTests;
				PRODUCT_NAME = "$(TARGET_NAME)";
				TEST_HOST = "$(BUILT_PRODUCTS_DIR)/SIAlertView.app/SIAlertView";
			};
			name = Debug;
		};
		1036E48D1D5829EE00DDC947 /* Release */ = {
			isa = XCBuildConfiguration;
			buildSettings = {
				BUNDLE_LOADER = "$(TEST_HOST)";
				INFOPLIST_FILE = SIAlertViewTests/Info.plist;
				LD_RUNPATH_SEARCH_PATHS = "$(inherited) @executable_path/Frameworks @loader_path/Frameworks";
				PRODUCT_BUNDLE_IDENTIFIER = com.cofortune.www.SIAlertViewTests;
				PRODUCT_NAME = "$(TARGET_NAME)";
				TEST_HOST = "$(BUILT_PRODUCTS_DIR)/SIAlertView.app/SIAlertView";
			};
			name = Release;
		};
		1036E48F1D5829EE00DDC947 /* Debug */ = {
			isa = XCBuildConfiguration;
			buildSettings = {
				INFOPLIST_FILE = SIAlertViewUITests/Info.plist;
				LD_RUNPATH_SEARCH_PATHS = "$(inherited) @executable_path/Frameworks @loader_path/Frameworks";
				PRODUCT_BUNDLE_IDENTIFIER = com.cofortune.www.SIAlertViewUITests;
				PRODUCT_NAME = "$(TARGET_NAME)";
				TEST_TARGET_NAME = SIAlertView;
			};
			name = Debug;
		};
		1036E4901D5829EE00DDC947 /* Release */ = {
			isa = XCBuildConfiguration;
			buildSettings = {
				INFOPLIST_FILE = SIAlertViewUITests/Info.plist;
				LD_RUNPATH_SEARCH_PATHS = "$(inherited) @executable_path/Frameworks @loader_path/Frameworks";
				PRODUCT_BUNDLE_IDENTIFIER = com.cofortune.www.SIAlertViewUITests;
				PRODUCT_NAME = "$(TARGET_NAME)";
				TEST_TARGET_NAME = SIAlertView;
			};
			name = Release;
		};
/* End XCBuildConfiguration section */

/* Begin XCConfigurationList section */
		1036E4561D5829ED00DDC947 /* Build configuration list for PBXProject "SIAlertView" */ = {
			isa = XCConfigurationList;
			buildConfigurations = (
				1036E4861D5829EE00DDC947 /* Debug */,
				1036E4871D5829EE00DDC947 /* Release */,
			);
			defaultConfigurationIsVisible = 0;
			defaultConfigurationName = Release;
		};
		1036E4881D5829EE00DDC947 /* Build configuration list for PBXNativeTarget "SIAlertView" */ = {
			isa = XCConfigurationList;
			buildConfigurations = (
				1036E4891D5829EE00DDC947 /* Debug */,
				1036E48A1D5829EE00DDC947 /* Release */,
			);
			defaultConfigurationIsVisible = 0;
		};
		1036E48B1D5829EE00DDC947 /* Build configuration list for PBXNativeTarget "SIAlertViewTests" */ = {
			isa = XCConfigurationList;
			buildConfigurations = (
				1036E48C1D5829EE00DDC947 /* Debug */,
				1036E48D1D5829EE00DDC947 /* Release */,
			);
			defaultConfigurationIsVisible = 0;
		};
		1036E48E1D5829EE00DDC947 /* Build configuration list for PBXNativeTarget "SIAlertViewUITests" */ = {
			isa = XCConfigurationList;
			buildConfigurations = (
				1036E48F1D5829EE00DDC947 /* Debug */,
				1036E4901D5829EE00DDC947 /* Release */,
			);
			defaultConfigurationIsVisible = 0;
		};
/* End XCConfigurationList section */
	};
	rootObject = 1036E4531D5829ED00DDC947 /* Project object */;
}
